
Microsoft Visual Studio Solution File, Format Version 12.00
# Visual Studio Version 17
VisualStudioVersion = 17.3.32825.248
MinimumVisualStudioVersion = 10.0.40219.1
Project("{FAE04EC0-301F-11D3-BF4B-00C04F79EFBC}") = "Productos", "Productos.csproj", "{F8016254-FA85-4DE5-9B0D-5F22A7FF50A1}"
EndProject
Global
	GlobalSection(SolutionConfigurationPlatforms) = preSolution
		Debug|Any CPU = Debug|Any CPU
		Release|Any CPU = Release|Any CPU
	EndGlobalSection
	GlobalSection(ProjectConfigurationPlatforms) = postSolution
		{F8016254-FA85-4DE5-9B0D-5F22A7FF50A1}.Debug|Any CPU.ActiveCfg = Debug|Any CPU
		{F8016254-FA85-4DE5-9B0D-5F22A7FF50A1}.Debug|Any CPU.Build.0 = Debug|Any CPU
		{F8016254-FA85-4DE5-9B0D-5F22A7FF50A1}.Release|Any CPU.ActiveCfg = Release|Any CPU
		{F8016254-FA85-4DE5-9B0D-5F22A7FF50A1}.Release|Any CPU.Build.0 = Release|Any CPU
	EndGlobalSection
	GlobalSection(SolutionProperties) = preSolution
		HideSolutionNode = FALSE
	EndGlobalSection
	GlobalSection(ExtensibilityGlobals) = postSolution
		SolutionGuid = {78DC09D3-ADA9-44FB-88F9-72E1DC977E2C}
	EndGlobalSection
EndGlobal
